# This file is automatically @generated by Cargo.
# It is not intended for manual editing.
version = 3

[[package]]
name = "byteorder"
version = "1.5.0"
source = "registry+https://github.com/rust-lang/crates.io-index"
checksum = "1fd0f2584146f6f2ef48085050886acf353beff7305ebd1ae69500e27c67f64b"

[[package]]
name = "conclave-room"
version = "0.0.2-pre02"
source = "registry+https://github.com/rust-lang/crates.io-index"
checksum = "2aa50b194e26ff30a571806187c5ae19f16653974044a447d31748a082e07b65"

[[package]]
name = "conclave-room-net"
version = "0.0.1"
dependencies = [
 "conclave-room",
 "conclave-room-serialize",
]

[[package]]
name = "conclave-room-serialize"
version = "0.0.2-pre01"
source = "registry+https://github.com/rust-lang/crates.io-index"
checksum = "ac14c7e1a147079f174b62d2d57006fb797b4302034d9323fc99734bf8d14e36"
dependencies = [
 "byteorder",
 "conclave-room",
]
