# This file is automatically @generated by Cargo.
# It is not intended for manual editing.
version = 3

[[package]]
name = "conclave-room"
version = "0.0.2-pre02"
source = "registry+https://github.com/rust-lang/crates.io-index"
checksum = "2aa50b194e26ff30a571806187c5ae19f16653974044a447d31748a082e07b65"

[[package]]
name = "conclave-room-net"
version = "0.0.2-pre01"
dependencies = [
 "conclave-room",
 "conclave-room-serialize",
 "flood-rs",
]

[[package]]
name = "conclave-room-serialize"
version = "0.0.2-pre03"
source = "registry+https://github.com/rust-lang/crates.io-index"
checksum = "492336797a68bb6b451585903bb710a717f4a8e0253d053bd161911336229162"
dependencies = [
 "conclave-room",
 "flood-rs",
]

[[package]]
name = "flood-rs"
version = "0.0.3"
source = "registry+https://github.com/rust-lang/crates.io-index"
checksum = "f1e28f58756e2245436eeb3933dc26e4678259854401b660c0259770f6bc1394"
